
Microsoft Visual Studio Solution File, Format Version 12.00
# Visual Studio Version 17
VisualStudioVersion = 17.14.36109.1 d17.14
MinimumVisualStudioVersion = 10.0.40219.1
Project("{FAE04EC0-301F-11D3-BF4B-00C04F79EFBC}") = "SouthernTravelIndiaAgent", "SouthernTravelIndiaAgent\SouthernTravelIndiaAgent.csproj", "{D6CFD84B-9D44-4703-B663-A515FF229434}"
EndProject
Global
	GlobalSection(SolutionConfigurationPlatforms) = preSolution
		Debug|Any CPU = Debug|Any CPU
		Release|Any CPU = Release|Any CPU
	EndGlobalSection
	GlobalSection(ProjectConfigurationPlatforms) = postSolution
		{D6CFD84B-9D44-4703-B663-A515FF229434}.Debug|Any CPU.ActiveCfg = Debug|Any CPU
		{D6CFD84B-9D44-4703-B663-A515FF229434}.Debug|Any CPU.Build.0 = Debug|Any CPU
		{D6CFD84B-9D44-4703-B663-A515FF229434}.Release|Any CPU.ActiveCfg = Release|Any CPU
		{D6CFD84B-9D44-4703-B663-A515FF229434}.Release|Any CPU.Build.0 = Release|Any CPU
	EndGlobalSection
	GlobalSection(SolutionProperties) = preSolution
		HideSolutionNode = FALSE
	EndGlobalSection
	GlobalSection(ExtensibilityGlobals) = postSolution
		SolutionGuid = {A8DE883E-95C6-4E22-9BA1-414965297164}
	EndGlobalSection
EndGlobal
